
Microsoft Visual Studio Solution File, Format Version 12.00
# Visual Studio Version 17
VisualStudioVersion = 17.5.33516.290
MinimumVisualStudioVersion = 10.0.40219.1
Project("{FAE04EC0-301F-11D3-BF4B-00C04F79EFBC}") = "ConsoleAppAula19", "ConsoleAppAula19\ConsoleAppAula19.csproj", "{9091CA89-CD8C-4A3A-8644-96FC7A3419EA}"
EndProject
Global
	GlobalSection(SolutionConfigurationPlatforms) = preSolution
		Debug|Any CPU = Debug|Any CPU
		Release|Any CPU = Release|Any CPU
	EndGlobalSection
	GlobalSection(ProjectConfigurationPlatforms) = postSolution
		{9091CA89-CD8C-4A3A-8644-96FC7A3419EA}.Debug|Any CPU.ActiveCfg = Debug|Any CPU
		{9091CA89-CD8C-4A3A-8644-96FC7A3419EA}.Debug|Any CPU.Build.0 = Debug|Any CPU
		{9091CA89-CD8C-4A3A-8644-96FC7A3419EA}.Release|Any CPU.ActiveCfg = Release|Any CPU
		{9091CA89-CD8C-4A3A-8644-96FC7A3419EA}.Release|Any CPU.Build.0 = Release|Any CPU
	EndGlobalSection
	GlobalSection(SolutionProperties) = preSolution
		HideSolutionNode = FALSE
	EndGlobalSection
	GlobalSection(ExtensibilityGlobals) = postSolution
		SolutionGuid = {E99CB605-1A78-4123-9B6E-2A98A2827183}
	EndGlobalSection
EndGlobal
