
Microsoft Visual Studio Solution File, Format Version 12.00
# Visual Studio Version 17
VisualStudioVersion = 17.5.33516.290
MinimumVisualStudioVersion = 10.0.40219.1
Project("{FAE04EC0-301F-11D3-BF4B-00C04F79EFBC}") = "ConsoleAppAula08", "ConsoleAppAula08\ConsoleAppAula08.csproj", "{3821AB55-27AD-47A0-9340-AF325CB852F7}"
EndProject
Global
	GlobalSection(SolutionConfigurationPlatforms) = preSolution
		Debug|Any CPU = Debug|Any CPU
		Release|Any CPU = Release|Any CPU
	EndGlobalSection
	GlobalSection(ProjectConfigurationPlatforms) = postSolution
		{3821AB55-27AD-47A0-9340-AF325CB852F7}.Debug|Any CPU.ActiveCfg = Debug|Any CPU
		{3821AB55-27AD-47A0-9340-AF325CB852F7}.Debug|Any CPU.Build.0 = Debug|Any CPU
		{3821AB55-27AD-47A0-9340-AF325CB852F7}.Release|Any CPU.ActiveCfg = Release|Any CPU
		{3821AB55-27AD-47A0-9340-AF325CB852F7}.Release|Any CPU.Build.0 = Release|Any CPU
	EndGlobalSection
	GlobalSection(SolutionProperties) = preSolution
		HideSolutionNode = FALSE
	EndGlobalSection
	GlobalSection(ExtensibilityGlobals) = postSolution
		SolutionGuid = {B4346F10-321C-4242-8248-7FB74FBF1A3D}
	EndGlobalSection
EndGlobal
