
Microsoft Visual Studio Solution File, Format Version 12.00
# Visual Studio Version 17
VisualStudioVersion = 17.5.33516.290
MinimumVisualStudioVersion = 10.0.40219.1
Project("{FAE04EC0-301F-11D3-BF4B-00C04F79EFBC}") = "ConsoleAppAula20", "ConsoleAppAula20\ConsoleAppAula20.csproj", "{985314FD-C75E-4675-BACA-C868DE177C7F}"
EndProject
Global
	GlobalSection(SolutionConfigurationPlatforms) = preSolution
		Debug|Any CPU = Debug|Any CPU
		Release|Any CPU = Release|Any CPU
	EndGlobalSection
	GlobalSection(ProjectConfigurationPlatforms) = postSolution
		{985314FD-C75E-4675-BACA-C868DE177C7F}.Debug|Any CPU.ActiveCfg = Debug|Any CPU
		{985314FD-C75E-4675-BACA-C868DE177C7F}.Debug|Any CPU.Build.0 = Debug|Any CPU
		{985314FD-C75E-4675-BACA-C868DE177C7F}.Release|Any CPU.ActiveCfg = Release|Any CPU
		{985314FD-C75E-4675-BACA-C868DE177C7F}.Release|Any CPU.Build.0 = Release|Any CPU
	EndGlobalSection
	GlobalSection(SolutionProperties) = preSolution
		HideSolutionNode = FALSE
	EndGlobalSection
	GlobalSection(ExtensibilityGlobals) = postSolution
		SolutionGuid = {218A7F5E-1BAD-4FA7-8B4C-CD42F2EA4E97}
	EndGlobalSection
EndGlobal
